
Microsoft Visual Studio Solution File, Format Version 12.00
# Visual Studio 15
VisualStudioVersion = 15.0.28010.2016
MinimumVisualStudioVersion = 10.0.40219.1
Project("{FAE04EC0-301F-11D3-BF4B-00C04F79EFBC}") = "FavApps", "FavApps.csproj", "{37EC91C9-AE70-4FF6-9561-EC12863BD05A}"
EndProject
Global
	GlobalSection(SolutionConfigurationPlatforms) = preSolution
		Debug|Any CPU = Debug|Any CPU
		Release|Any CPU = Release|Any CPU
	EndGlobalSection
	GlobalSection(ProjectConfigurationPlatforms) = postSolution
		{37EC91C9-AE70-4FF6-9561-EC12863BD05A}.Debug|Any CPU.ActiveCfg = Debug|Any CPU
		{37EC91C9-AE70-4FF6-9561-EC12863BD05A}.Debug|Any CPU.Build.0 = Debug|Any CPU
		{37EC91C9-AE70-4FF6-9561-EC12863BD05A}.Release|Any CPU.ActiveCfg = Release|Any CPU
		{37EC91C9-AE70-4FF6-9561-EC12863BD05A}.Release|Any CPU.Build.0 = Release|Any CPU
	EndGlobalSection
	GlobalSection(SolutionProperties) = preSolution
		HideSolutionNode = FALSE
	EndGlobalSection
	GlobalSection(ExtensibilityGlobals) = postSolution
		SolutionGuid = {33B641DB-6BCA-41B2-94AA-C8DA9782C1B1}
	EndGlobalSection
EndGlobal
